
Microsoft Visual Studio Solution File, Format Version 12.00
# Visual Studio 15
VisualStudioVersion = 15.0.26124.0
MinimumVisualStudioVersion = 15.0.26124.0
Project("{FAE04EC0-301F-11D3-BF4B-00C04F79EFBC}") = "calculonlib", "lib\calculonlib.csproj", "{BE70209B-5A0D-4E0D-AB99-7409826E9DD2}"
EndProject
Project("{FAE04EC0-301F-11D3-BF4B-00C04F79EFBC}") = "ut", "ut\ut.csproj", "{676B6549-D22A-494D-A221-16CC1A651991}"
EndProject
Project("{FAE04EC0-301F-11D3-BF4B-00C04F79EFBC}") = "calculoncl", "cl\calculoncl.csproj", "{54674932-BB52-4F4F-9D56-CFAFF1D71C23}"
EndProject
Global
	GlobalSection(SolutionConfigurationPlatforms) = preSolution
		Debug|Any CPU = Debug|Any CPU
		Debug|x64 = Debug|x64
		Debug|x86 = Debug|x86
		Release|Any CPU = Release|Any CPU
		Release|x64 = Release|x64
		Release|x86 = Release|x86
	EndGlobalSection
	GlobalSection(SolutionProperties) = preSolution
		HideSolutionNode = FALSE
	EndGlobalSection
	GlobalSection(ProjectConfigurationPlatforms) = postSolution
		{BE70209B-5A0D-4E0D-AB99-7409826E9DD2}.Debug|Any CPU.ActiveCfg = Debug|Any CPU
		{BE70209B-5A0D-4E0D-AB99-7409826E9DD2}.Debug|Any CPU.Build.0 = Debug|Any CPU
		{BE70209B-5A0D-4E0D-AB99-7409826E9DD2}.Debug|x64.ActiveCfg = Debug|Any CPU
		{BE70209B-5A0D-4E0D-AB99-7409826E9DD2}.Debug|x64.Build.0 = Debug|Any CPU
		{BE70209B-5A0D-4E0D-AB99-7409826E9DD2}.Debug|x86.ActiveCfg = Debug|Any CPU
		{BE70209B-5A0D-4E0D-AB99-7409826E9DD2}.Debug|x86.Build.0 = Debug|Any CPU
		{BE70209B-5A0D-4E0D-AB99-7409826E9DD2}.Release|Any CPU.ActiveCfg = Release|Any CPU
		{BE70209B-5A0D-4E0D-AB99-7409826E9DD2}.Release|Any CPU.Build.0 = Release|Any CPU
		{BE70209B-5A0D-4E0D-AB99-7409826E9DD2}.Release|x64.ActiveCfg = Release|Any CPU
		{BE70209B-5A0D-4E0D-AB99-7409826E9DD2}.Release|x64.Build.0 = Release|Any CPU
		{BE70209B-5A0D-4E0D-AB99-7409826E9DD2}.Release|x86.ActiveCfg = Release|Any CPU
		{BE70209B-5A0D-4E0D-AB99-7409826E9DD2}.Release|x86.Build.0 = Release|Any CPU
		{676B6549-D22A-494D-A221-16CC1A651991}.Debug|Any CPU.ActiveCfg = Debug|Any CPU
		{676B6549-D22A-494D-A221-16CC1A651991}.Debug|Any CPU.Build.0 = Debug|Any CPU
		{676B6549-D22A-494D-A221-16CC1A651991}.Debug|x64.ActiveCfg = Debug|Any CPU
		{676B6549-D22A-494D-A221-16CC1A651991}.Debug|x64.Build.0 = Debug|Any CPU
		{676B6549-D22A-494D-A221-16CC1A651991}.Debug|x86.ActiveCfg = Debug|Any CPU
		{676B6549-D22A-494D-A221-16CC1A651991}.Debug|x86.Build.0 = Debug|Any CPU
		{676B6549-D22A-494D-A221-16CC1A651991}.Release|Any CPU.ActiveCfg = Release|Any CPU
		{676B6549-D22A-494D-A221-16CC1A651991}.Release|Any CPU.Build.0 = Release|Any CPU
		{676B6549-D22A-494D-A221-16CC1A651991}.Release|x64.ActiveCfg = Release|Any CPU
		{676B6549-D22A-494D-A221-16CC1A651991}.Release|x64.Build.0 = Release|Any CPU
		{676B6549-D22A-494D-A221-16CC1A651991}.Release|x86.ActiveCfg = Release|Any CPU
		{676B6549-D22A-494D-A221-16CC1A651991}.Release|x86.Build.0 = Release|Any CPU
		{54674932-BB52-4F4F-9D56-CFAFF1D71C23}.Debug|Any CPU.ActiveCfg = Debug|Any CPU
		{54674932-BB52-4F4F-9D56-CFAFF1D71C23}.Debug|Any CPU.Build.0 = Debug|Any CPU
		{54674932-BB52-4F4F-9D56-CFAFF1D71C23}.Debug|x64.ActiveCfg = Debug|Any CPU
		{54674932-BB52-4F4F-9D56-CFAFF1D71C23}.Debug|x64.Build.0 = Debug|Any CPU
		{54674932-BB52-4F4F-9D56-CFAFF1D71C23}.Debug|x86.ActiveCfg = Debug|Any CPU
		{54674932-BB52-4F4F-9D56-CFAFF1D71C23}.Debug|x86.Build.0 = Debug|Any CPU
		{54674932-BB52-4F4F-9D56-CFAFF1D71C23}.Release|Any CPU.ActiveCfg = Release|Any CPU
		{54674932-BB52-4F4F-9D56-CFAFF1D71C23}.Release|Any CPU.Build.0 = Release|Any CPU
		{54674932-BB52-4F4F-9D56-CFAFF1D71C23}.Release|x64.ActiveCfg = Release|Any CPU
		{54674932-BB52-4F4F-9D56-CFAFF1D71C23}.Release|x64.Build.0 = Release|Any CPU
		{54674932-BB52-4F4F-9D56-CFAFF1D71C23}.Release|x86.ActiveCfg = Release|Any CPU
		{54674932-BB52-4F4F-9D56-CFAFF1D71C23}.Release|x86.Build.0 = Release|Any CPU
	EndGlobalSection
EndGlobal
